PackratFormat: 1.4
PackratVersion: 0.9.3
RVersion: 4.3.2
Repos: CRAN=https://packagemanager.posit.co/cran/__linux__/jammy/latest

Package: R6
Source: RSPM
Version: 2.6.1
Hash: af3a76224cf388baeba1da636f942022

Package: askpass
Source: RSPM
Version: 1.2.1
Hash: 449d6f179d9b3b5df1dc44fad2930b83
Requires: sys

Package: curl
Source: RSPM
Version: 7.1.0
Hash: bc836ecf7d3c7a4663b3f44e3405ee29

Package: httr
Source: RSPM
Version: 1.4.8
Hash: 09959b248d93ebcfe52f3b4ea3c84e11
Requires: curl, R6, jsonlite, mime, openssl

Package: jsonlite
Source: RSPM
Version: 2.0.0
Hash: 3667c0aaecb280a06c3fd065d7bfd533

Package: mime
Source: RSPM
Version: 0.13
Hash: 4bcdb047b5062361a90ac2a3a2d38411

Package: openssl
Source: RSPM
Version: 2.4.0
Hash: daeefdda02fc290dc714e4fe1859a28d
Requires: askpass

Package: packrat
Source: RSPM
Version: 0.9.3
Hash: c08a92f056c9c9a5c250fde58d989ba1

Package: sys
Source: RSPM
Version: 3.4.3
Hash: 271b0055471b558d7335af7e8ed28ddb
